
Microsoft Visual Studio Solution File, Format Version 12.00
# Visual Studio Version 17
VisualStudioVersion = 17.5.33516.290
MinimumVisualStudioVersion = 10.0.40219.1
Project("{9A19103F-16F7-4668-BE54-9A1E7A4F7556}") = "BlazorDemoApp", "BlazorDemoApp\BlazorDemoApp.csproj", "{6E37BAF3-ADC6-49CE-B545-06BE8212C6D9}"
EndProject
Global
	GlobalSection(SolutionConfigurationPlatforms) = preSolution
		Debug|Any CPU = Debug|Any CPU
		Release|Any CPU = Release|Any CPU
	EndGlobalSection
	GlobalSection(ProjectConfigurationPlatforms) = postSolution
		{6E37BAF3-ADC6-49CE-B545-06BE8212C6D9}.Debug|Any CPU.ActiveCfg = Debug|Any CPU
		{6E37BAF3-ADC6-49CE-B545-06BE8212C6D9}.Debug|Any CPU.Build.0 = Debug|Any CPU
		{6E37BAF3-ADC6-49CE-B545-06BE8212C6D9}.Release|Any CPU.ActiveCfg = Release|Any CPU
		{6E37BAF3-ADC6-49CE-B545-06BE8212C6D9}.Release|Any CPU.Build.0 = Release|Any CPU
	EndGlobalSection
	GlobalSection(SolutionProperties) = preSolution
		HideSolutionNode = FALSE
	EndGlobalSection
	GlobalSection(ExtensibilityGlobals) = postSolution
		SolutionGuid = {3F5DB6B0-58FB-4E39-A0E8-E14621F5CA95}
	EndGlobalSection
EndGlobal
